Microsoft Visual Studio Solution File, Format Version 12.00
# Visual Studio 15
VisualStudioVersion = 15.0.27130.2027
MinimumVisualStudioVersion = 10.0.40219.1
Project("{CC5FD16D-436D-48AD-A40C-5A424C6E3E79}") = "TuRutaServices", "TuRutaServices\TuRutaServices.ccproj", "{8C207268-646A-4104-9611-20C5443ABDFC}"
EndProject
Project("{9A19103F-16F7-4668-BE54-9A1E7A4F7556}") = "TuRuta.Orleans.Grains", "TuRuta.Orleans.Grains\TuRuta.Orleans.Grains.csproj", "{4E9E642A-8513-4158-9EF9-AE45038F927E}"
EndProject
Project("{9A19103F-16F7-4668-BE54-9A1E7A4F7556}") = "TuRuta.Orleans.Interfaces", "TuRuta.Orleans.Interfaces\TuRuta.Orleans.Interfaces.csproj", "{F86B73E5-C512-4403-99FB-A245C7D63557}"
EndProject
Project("{9A19103F-16F7-4668-BE54-9A1E7A4F7556}") = "TuRuta.Web", "TuRuta.Web\TuRuta.Web.csproj", "{39861AA6-3A96-4EE3-8D85-93847A052D1E}"
EndProject
Project("{9A19103F-16F7-4668-BE54-9A1E7A4F7556}") = "TuRuta.Common", "TuRuta.Common\TuRuta.Common.csproj", "{C56F973F-F7A5-4ECC-97DB-6EF6694C06D2}"
EndProject
Project("{FAE04EC0-301F-11D3-BF4B-00C04F79EFBC}") = "TuRuta.Device", "TuRuta.Device\TuRuta.Device.csproj", "{33A60ACB-C04A-4E2F-8869-2E124F36DBC2}"
EndProject
Project("{FAE04EC0-301F-11D3-BF4B-00C04F79EFBC}") = "TuRuta.Orleans", "TuRuta.Orleans\TuRuta.Orleans.csproj", "{F0868C37-6727-4A5C-ACBF-62B432F4E161}"
EndProject
Project("{FAE04EC0-301F-11D3-BF4B-00C04F79EFBC}") = "TuRuta.Ingestor", "TuRuta.Ingestor\TuRuta.Ingestor.csproj", "{7B6BA26E-31CE-4896-B195-3BE169996265}"
EndProject
Global
	GlobalSection(SolutionConfigurationPlatforms) = preSolution
		Debug|Any CPU = Debug|Any CPU
		Debug|ARM = Debug|ARM
		Debug|x64 = Debug|x64
		Debug|x86 = Debug|x86
		Release|Any CPU = Release|Any CPU
		Release|ARM = Release|ARM
		Release|x64 = Release|x64
		Release|x86 = Release|x86
	EndGlobalSection
	GlobalSection(ProjectConfigurationPlatforms) = postSolution
		{8C207268-646A-4104-9611-20C5443ABDFC}.Debug|Any CPU.ActiveCfg = Debug|Any CPU
		{8C207268-646A-4104-9611-20C5443ABDFC}.Debug|Any CPU.Build.0 = Debug|Any CPU
		{8C207268-646A-4104-9611-20C5443ABDFC}.Debug|ARM.ActiveCfg = Debug|Any CPU
		{8C207268-646A-4104-9611-20C5443ABDFC}.Debug|ARM.Build.0 = Debug|Any CPU
		{8C207268-646A-4104-9611-20C5443ABDFC}.Debug|x64.ActiveCfg = Debug|Any CPU
		{8C207268-646A-4104-9611-20C5443ABDFC}.Debug|x64.Build.0 = Debug|Any CPU
		{8C207268-646A-4104-9611-20C5443ABDFC}.Debug|x86.ActiveCfg = Debug|Any CPU
		{8C207268-646A-4104-9611-20C5443ABDFC}.Debug|x86.Build.0 = Debug|Any CPU
		{8C207268-646A-4104-9611-20C5443ABDFC}.Release|Any CPU.ActiveCfg = Release|Any CPU
		{8C207268-646A-4104-9611-20C5443ABDFC}.Release|Any CPU.Build.0 = Release|Any CPU
		{8C207268-646A-4104-9611-20C5443ABDFC}.Release|ARM.ActiveCfg = Release|Any CPU
		{8C207268-646A-4104-9611-20C5443ABDFC}.Release|ARM.Build.0 = Release|Any CPU
		{8C207268-646A-4104-9611-20C5443ABDFC}.Release|x64.ActiveCfg = Release|Any CPU
		{8C207268-646A-4104-9611-20C5443ABDFC}.Release|x64.Build.0 = Release|Any CPU
		{8C207268-646A-4104-9611-20C5443ABDFC}.Release|x86.ActiveCfg = Release|Any CPU
		{8C207268-646A-4104-9611-20C5443ABDFC}.Release|x86.Build.0 = Release|Any CPU
		{4E9E642A-8513-4158-9EF9-AE45038F927E}.Debug|Any CPU.ActiveCfg = Debug|Any CPU
		{4E9E642A-8513-4158-9EF9-AE45038F927E}.Debug|Any CPU.Build.0 = Debug|Any CPU
		{4E9E642A-8513-4158-9EF9-AE45038F927E}.Debug|ARM.ActiveCfg = Debug|Any CPU
		{4E9E642A-8513-4158-9EF9-AE45038F927E}.Debug|ARM.Build.0 = Debug|Any CPU
		{4E9E642A-8513-4158-9EF9-AE45038F927E}.Debug|x64.ActiveCfg = Debug|Any CPU
		{4E9E642A-8513-4158-9EF9-AE45038F927E}.Debug|x64.Build.0 = Debug|Any CPU
		{4E9E642A-8513-4158-9EF9-AE45038F927E}.Debug|x86.ActiveCfg = Debug|Any CPU
		{4E9E642A-8513-4158-9EF9-AE45038F927E}.Debug|x86.Build.0 = Debug|Any CPU
		{4E9E642A-8513-4158-9EF9-AE45038F927E}.Release|Any CPU.ActiveCfg = Release|Any CPU
		{4E9E642A-8513-4158-9EF9-AE45038F927E}.Release|Any CPU.Build.0 = Release|Any CPU
		{4E9E642A-8513-4158-9EF9-AE45038F927E}.Release|ARM.ActiveCfg = Release|Any CPU
		{4E9E642A-8513-4158-9EF9-AE45038F927E}.Release|ARM.Build.0 = Release|Any CPU
		{4E9E642A-8513-4158-9EF9-AE45038F927E}.Release|x64.ActiveCfg = Release|Any CPU
		{4E9E642A-8513-4158-9EF9-AE45038F927E}.Release|x64.Build.0 = Release|Any CPU
		{4E9E642A-8513-4158-9EF9-AE45038F927E}.Release|x86.ActiveCfg = Release|Any CPU
		{4E9E642A-8513-4158-9EF9-AE45038F927E}.Release|x86.Build.0 = Release|Any CPU
		{F86B73E5-C512-4403-99FB-A245C7D63557}.Debug|Any CPU.ActiveCfg = Debug|Any CPU
		{F86B73E5-C512-4403-99FB-A245C7D63557}.Debug|Any CPU.Build.0 = Debug|Any CPU
		{F86B73E5-C512-4403-99FB-A245C7D63557}.Debug|ARM.ActiveCfg = Debug|Any CPU
		{F86B73E5-C512-4403-99FB-A245C7D63557}.Debug|ARM.Build.0 = Debug|Any CPU
		{F86B73E5-C512-4403-99FB-A245C7D63557}.Debug|x64.ActiveCfg = Debug|Any CPU
		{F86B73E5-C512-4403-99FB-A245C7D63557}.Debug|x64.Build.0 = Debug|Any CPU
		{F86B73E5-C512-4403-99FB-A245C7D63557}.Debug|x86.ActiveCfg = Debug|Any CPU
		{F86B73E5-C512-4403-99FB-A245C7D63557}.Debug|x86.Build.0 = Debug|Any CPU
		{F86B73E5-C512-4403-99FB-A245C7D63557}.Release|Any CPU.ActiveCfg = Release|Any CPU
		{F86B73E5-C512-4403-99FB-A245C7D63557}.Release|Any CPU.Build.0 = Release|Any CPU
		{F86B73E5-C512-4403-99FB-A245C7D63557}.Release|ARM.ActiveCfg = Release|Any CPU
		{F86B73E5-C512-4403-99FB-A245C7D63557}.Release|ARM.Build.0 = Release|Any CPU
		{F86B73E5-C512-4403-99FB-A245C7D63557}.Release|x64.ActiveCfg = Release|Any CPU
		{F86B73E5-C512-4403-99FB-A245C7D63557}.Release|x64.Build.0 = Release|Any CPU
		{F86B73E5-C512-4403-99FB-A245C7D63557}.Release|x86.ActiveCfg = Release|Any CPU
		{F86B73E5-C512-4403-99FB-A245C7D63557}.Release|x86.Build.0 = Release|Any CPU
		{39861AA6-3A96-4EE3-8D85-93847A052D1E}.Debug|Any CPU.ActiveCfg = Debug|Any CPU
		{39861AA6-3A96-4EE3-8D85-93847A052D1E}.Debug|Any CPU.Build.0 = Debug|Any CPU
		{39861AA6-3A96-4EE3-8D85-93847A052D1E}.Debug|ARM.ActiveCfg = Debug|Any CPU
		{39861AA6-3A96-4EE3-8D85-93847A052D1E}.Debug|ARM.Build.0 = Debug|Any CPU
		{39861AA6-3A96-4EE3-8D85-93847A052D1E}.Debug|x64.ActiveCfg = Debug|Any CPU
		{39861AA6-3A96-4EE3-8D85-93847A052D1E}.Debug|x64.Build.0 = Debug|Any CPU
		{39861AA6-3A96-4EE3-8D85-93847A052D1E}.Debug|x86.ActiveCfg = Debug|Any CPU
		{39861AA6-3A96-4EE3-8D85-93847A052D1E}.Debug|x86.Build.0 = Debug|Any CPU
		{39861AA6-3A96-4EE3-8D85-93847A052D1E}.Release|Any CPU.ActiveCfg = Release|Any CPU
		{39861AA6-3A96-4EE3-8D85-93847A052D1E}.Release|Any CPU.Build.0 = Release|Any CPU
		{39861AA6-3A96-4EE3-8D85-93847A052D1E}.Release|ARM.ActiveCfg = Release|Any CPU
		{39861AA6-3A96-4EE3-8D85-93847A052D1E}.Release|ARM.Build.0 = Release|Any CPU
		{39861AA6-3A96-4EE3-8D85-93847A052D1E}.Release|x64.ActiveCfg = Release|Any CPU
		{39861AA6-3A96-4EE3-8D85-93847A052D1E}.Release|x64.Build.0 = Release|Any CPU
		{39861AA6-3A96-4EE3-8D85-93847A052D1E}.Release|x86.ActiveCfg = Release|Any CPU
		{39861AA6-3A96-4EE3-8D85-93847A052D1E}.Release|x86.Build.0 = Release|Any CPU
		{C56F973F-F7A5-4ECC-97DB-6EF6694C06D2}.Debug|Any CPU.ActiveCfg = Debug|Any CPU
		{C56F973F-F7A5-4ECC-97DB-6EF6694C06D2}.Debug|Any CPU.Build.0 = Debug|Any CPU
		{C56F973F-F7A5-4ECC-97DB-6EF6694C06D2}.Debug|ARM.ActiveCfg = Debug|Any CPU
		{C56F973F-F7A5-4ECC-97DB-6EF6694C06D2}.Debug|ARM.Build.0 = Debug|Any CPU
		{C56F973F-F7A5-4ECC-97DB-6EF6694C06D2}.Debug|x64.ActiveCfg = Debug|Any CPU
		{C56F973F-F7A5-4ECC-97DB-6EF6694C06D2}.Debug|x64.Build.0 = Debug|Any CPU
		{C56F973F-F7A5-4ECC-97DB-6EF6694C06D2}.Debug|x86.ActiveCfg = Debug|Any CPU
		{C56F973F-F7A5-4ECC-97DB-6EF6694C06D2}.Debug|x86.Build.0 = Debug|Any CPU
		{C56F973F-F7A5-4ECC-97DB-6EF6694C06D2}.Release|Any CPU.ActiveCfg = Release|Any CPU
		{C56F973F-F7A5-4ECC-97DB-6EF6694C06D2}.Release|Any CPU.Build.0 = Release|Any CPU
		{C56F973F-F7A5-4ECC-97DB-6EF6694C06D2}.Release|ARM.ActiveCfg = Release|Any CPU
		{C56F973F-F7A5-4ECC-97DB-6EF6694C06D2}.Release|ARM.Build.0 = Release|Any CPU
		{C56F973F-F7A5-4ECC-97DB-6EF6694C06D2}.Release|x64.ActiveCfg = Release|Any CPU
		{C56F973F-F7A5-4ECC-97DB-6EF6694C06D2}.Release|x64.Build.0 = Release|Any CPU
		{C56F973F-F7A5-4ECC-97DB-6EF6694C06D2}.Release|x86.ActiveCfg = Release|Any CPU
		{C56F973F-F7A5-4ECC-97DB-6EF6694C06D2}.Release|x86.Build.0 = Release|Any CPU
		{33A60ACB-C04A-4E2F-8869-2E124F36DBC2}.Debug|Any CPU.ActiveCfg = Debug|x86
		{33A60ACB-C04A-4E2F-8869-2E124F36DBC2}.Debug|ARM.ActiveCfg = Debug|ARM
		{33A60ACB-C04A-4E2F-8869-2E124F36DBC2}.Debug|ARM.Build.0 = Debug|ARM
		{33A60ACB-C04A-4E2F-8869-2E124F36DBC2}.Debug|ARM.Deploy.0 = Debug|ARM
		{33A60ACB-C04A-4E2F-8869-2E124F36DBC2}.Debug|x64.ActiveCfg = Debug|x64
		{33A60ACB-C04A-4E2F-8869-2E124F36DBC2}.Debug|x64.Build.0 = Debug|x64
		{33A60ACB-C04A-4E2F-8869-2E124F36DBC2}.Debug|x64.Deploy.0 = Debug|x64
		{33A60ACB-C04A-4E2F-8869-2E124F36DBC2}.Debug|x86.ActiveCfg = Debug|x86
		{33A60ACB-C04A-4E2F-8869-2E124F36DBC2}.Debug|x86.Build.0 = Debug|x86
		{33A60ACB-C04A-4E2F-8869-2E124F36DBC2}.Debug|x86.Deploy.0 = Debug|x86
		{33A60ACB-C04A-4E2F-8869-2E124F36DBC2}.Release|Any CPU.ActiveCfg = Release|x86
		{33A60ACB-C04A-4E2F-8869-2E124F36DBC2}.Release|ARM.ActiveCfg = Release|ARM
		{33A60ACB-C04A-4E2F-8869-2E124F36DBC2}.Release|ARM.Build.0 = Release|ARM
		{33A60ACB-C04A-4E2F-8869-2E124F36DBC2}.Release|ARM.Deploy.0 = Release|ARM
		{33A60ACB-C04A-4E2F-8869-2E124F36DBC2}.Release|x64.ActiveCfg = Release|x64
		{33A60ACB-C04A-4E2F-8869-2E124F36DBC2}.Release|x64.Build.0 = Release|x64
		{33A60ACB-C04A-4E2F-8869-2E124F36DBC2}.Release|x64.Deploy.0 = Release|x64
		{33A60ACB-C04A-4E2F-8869-2E124F36DBC2}.Release|x86.ActiveCfg = Release|x86
		{33A60ACB-C04A-4E2F-8869-2E124F36DBC2}.Release|x86.Build.0 = Release|x86
		{33A60ACB-C04A-4E2F-8869-2E124F36DBC2}.Release|x86.Deploy.0 = Release|x86
		{F0868C37-6727-4A5C-ACBF-62B432F4E161}.Debug|Any CPU.ActiveCfg = Debug|Any CPU
		{F0868C37-6727-4A5C-ACBF-62B432F4E161}.Debug|Any CPU.Build.0 = Debug|Any CPU
		{F0868C37-6727-4A5C-ACBF-62B432F4E161}.Debug|ARM.ActiveCfg = Debug|Any CPU
		{F0868C37-6727-4A5C-ACBF-62B432F4E161}.Debug|ARM.Build.0 = Debug|Any CPU
		{F0868C37-6727-4A5C-ACBF-62B432F4E161}.Debug|x64.ActiveCfg = Debug|Any CPU
		{F0868C37-6727-4A5C-ACBF-62B432F4E161}.Debug|x64.Build.0 = Debug|Any CPU
		{F0868C37-6727-4A5C-ACBF-62B432F4E161}.Debug|x86.ActiveCfg = Debug|Any CPU
		{F0868C37-6727-4A5C-ACBF-62B432F4E161}.Debug|x86.Build.0 = Debug|Any CPU
		{F0868C37-6727-4A5C-ACBF-62B432F4E161}.Release|Any CPU.ActiveCfg = Release|Any CPU
		{F0868C37-6727-4A5C-ACBF-62B432F4E161}.Release|Any CPU.Build.0 = Release|Any CPU
		{F0868C37-6727-4A5C-ACBF-62B432F4E161}.Release|ARM.ActiveCfg = Release|Any CPU
		{F0868C37-6727-4A5C-ACBF-62B432F4E161}.Release|ARM.Build.0 = Release|Any CPU
		{F0868C37-6727-4A5C-ACBF-62B432F4E161}.Release|x64.ActiveCfg = Release|Any CPU
		{F0868C37-6727-4A5C-ACBF-62B432F4E161}.Release|x64.Build.0 = Release|Any CPU
		{F0868C37-6727-4A5C-ACBF-62B432F4E161}.Release|x86.ActiveCfg = Release|Any CPU
		{F0868C37-6727-4A5C-ACBF-62B432F4E161}.Release|x86.Build.0 = Release|Any CPU
		{7B6BA26E-31CE-4896-B195-3BE169996265}.Debug|Any CPU.ActiveCfg = Debug|Any CPU
		{7B6BA26E-31CE-4896-B195-3BE169996265}.Debug|Any CPU.Build.0 = Debug|Any CPU
		{7B6BA26E-31CE-4896-B195-3BE169996265}.Debug|ARM.ActiveCfg = Debug|Any CPU
		{7B6BA26E-31CE-4896-B195-3BE169996265}.Debug|ARM.Build.0 = Debug|Any CPU
		{7B6BA26E-31CE-4896-B195-3BE169996265}.Debug|x64.ActiveCfg = Debug|Any CPU
		{7B6BA26E-31CE-4896-B195-3BE169996265}.Debug|x64.Build.0 = Debug|Any CPU
		{7B6BA26E-31CE-4896-B195-3BE169996265}.Debug|x86.ActiveCfg = Debug|Any CPU
		{7B6BA26E-31CE-4896-B195-3BE169996265}.Debug|x86.Build.0 = Debug|Any CPU
		{7B6BA26E-31CE-4896-B195-3BE169996265}.Release|Any CPU.ActiveCfg = Release|Any CPU
		{7B6BA26E-31CE-4896-B195-3BE169996265}.Release|Any CPU.Build.0 = Release|Any CPU
		{7B6BA26E-31CE-4896-B195-3BE169996265}.Release|ARM.ActiveCfg = Release|Any CPU
		{7B6BA26E-31CE-4896-B195-3BE169996265}.Release|ARM.Build.0 = Release|Any CPU
		{7B6BA26E-31CE-4896-B195-3BE169996265}.Release|x64.ActiveCfg = Release|Any CPU
		{7B6BA26E-31CE-4896-B195-3BE169996265}.Release|x64.Build.0 = Release|Any CPU
		{7B6BA26E-31CE-4896-B195-3BE169996265}.Release|x86.ActiveCfg = Release|Any CPU
		{7B6BA26E-31CE-4896-B195-3BE169996265}.Release|x86.Build.0 = Release|Any CPU
	EndGlobalSection
	GlobalSection(SolutionProperties) = preSolution
		HideSolutionNode = FALSE
	EndGlobalSection
	GlobalSection(ExtensibilityGlobals) = postSolution
		SolutionGuid = {F54F2534-FEF7-4C3B-97AB-D2C89423ECC0}
	EndGlobalSection
EndGlobal
